
Microsoft Visual Studio Solution File, Format Version 12.00
# Visual Studio Version 17
VisualStudioVersion = 17.11.35222.181
MinimumVisualStudioVersion = 10.0.40219.1
Project("{9A19103F-16F7-4668-BE54-9A1E7A4F7556}") = "Parity", "..\Sprint0UnitTesting\Parity.csproj", "{00D0EE46-FAE1-46AD-8B5D-CB97E60D4232}"
EndProject
Project("{9A19103F-16F7-4668-BE54-9A1E7A4F7556}") = "ParityUnitTests", "..\ParityUnitTests\ParityUnitTests.csproj", "{4CC7A1F8-9A0C-4DAB-BD64-1DE4C1FB58E1}"
EndProject
Project("{9A19103F-16F7-4668-BE54-9A1E7A4F7556}") = "Sprint0GUIProgramming", "..\Sprint0GUIProgramming\Sprint0GUIProgramming.csproj", "{2E500830-AF64-4C05-B5A8-9301C0CA7A1A}"
EndProject
Global
	GlobalSection(SolutionConfigurationPlatforms) = preSolution
		Debug|Any CPU = Debug|Any CPU
		Release|Any CPU = Release|Any CPU
	EndGlobalSection
	GlobalSection(ProjectConfigurationPlatforms) = postSolution
		{00D0EE46-FAE1-46AD-8B5D-CB97E60D4232}.Debug|Any CPU.ActiveCfg = Debug|Any CPU
		{00D0EE46-FAE1-46AD-8B5D-CB97E60D4232}.Debug|Any CPU.Build.0 = Debug|Any CPU
		{00D0EE46-FAE1-46AD-8B5D-CB97E60D4232}.Release|Any CPU.ActiveCfg = Release|Any CPU
		{00D0EE46-FAE1-46AD-8B5D-CB97E60D4232}.Release|Any CPU.Build.0 = Release|Any CPU
		{4CC7A1F8-9A0C-4DAB-BD64-1DE4C1FB58E1}.Debug|Any CPU.ActiveCfg = Debug|Any CPU
		{4CC7A1F8-9A0C-4DAB-BD64-1DE4C1FB58E1}.Debug|Any CPU.Build.0 = Debug|Any CPU
		{4CC7A1F8-9A0C-4DAB-BD64-1DE4C1FB58E1}.Release|Any CPU.ActiveCfg = Release|Any CPU
		{4CC7A1F8-9A0C-4DAB-BD64-1DE4C1FB58E1}.Release|Any CPU.Build.0 = Release|Any CPU
		{2E500830-AF64-4C05-B5A8-9301C0CA7A1A}.Debug|Any CPU.ActiveCfg = Debug|Any CPU
		{2E500830-AF64-4C05-B5A8-9301C0CA7A1A}.Debug|Any CPU.Build.0 = Debug|Any CPU
		{2E500830-AF64-4C05-B5A8-9301C0CA7A1A}.Release|Any CPU.ActiveCfg = Release|Any CPU
		{2E500830-AF64-4C05-B5A8-9301C0CA7A1A}.Release|Any CPU.Build.0 = Release|Any CPU
	EndGlobalSection
	GlobalSection(SolutionProperties) = preSolution
		HideSolutionNode = FALSE
	EndGlobalSection
	GlobalSection(ExtensibilityGlobals) = postSolution
		SolutionGuid = {7B250CFD-7CA8-4F29-8B7F-037478788485}
	EndGlobalSection
EndGlobal
